lockfileVersion: '9.0'

settings:
  autoInstallPeers: true
  excludeLinksFromLockfile: false

importers:

  .:
    dependencies:
      readline-sync:
        specifier: ^1.4.10
        version: 1.4.10
    devDependencies:
      '@types/node':
        specifier: ^22.9.4
        version: 22.9.4

packages:

  '@types/node@22.9.4':
    resolution: {integrity: sha512-d9RWfoR7JC/87vj7n+PVTzGg9hDyuFjir3RxUHbjFSKNd9mpxbxwMEyaCim/ddCmy4IuW7HjTzF3g9p3EtWEOg==}

  readline-sync@1.4.10:
    resolution: {integrity: sha512-gNva8/6UAe8QYepIQH/jQ2qn91Qj0B9sYjMBBs3QOB8F2CXcKgLxQaJRP76sWVRQt+QU+8fAkCbCvjjMFu7Ycw==}
    engines: {node: '>= 0.8.0'}

  undici-types@6.19.8:
    resolution: {integrity: sha512-ve2KP6f/JnbPBFyobGHuerC9g1FYGn/F8n1LWTwNxCEzd6IfqTwUQcNXgEtmmQ6DlRrC1hrSrBnCZPokRrDHjw==}

snapshots:

  '@types/node@22.9.4':
    dependencies:
      undici-types: 6.19.8

  readline-sync@1.4.10: {}

  undici-types@6.19.8: {}
